
Microsoft Visual Studio Solution File, Format Version 12.00
# Visual Studio Version 17
VisualStudioVersion = 17.8.34511.84
MinimumVisualStudioVersion = 10.0.40219.1
Project("{9A19103F-16F7-4668-BE54-9A1E7A4F7556}") = "Library.PL", "Library.PL\Library.PL.csproj", "{03AF1442-CA3A-4235-B075-B139B4A2843F}"
EndProject
Project("{9A19103F-16F7-4668-BE54-9A1E7A4F7556}") = "Library.BLL", "Library.BLL\Library.BLL.csproj", "{592579AA-5BB3-4992-8210-B3577692272B}"
EndProject
Project("{9A19103F-16F7-4668-BE54-9A1E7A4F7556}") = "Library.DAL", "Library.DAL\Library.DAL.csproj", "{4744834B-E512-4005-9DC6-28660CF162FC}"
EndProject
Project("{FAE04EC0-301F-11D3-BF4B-00C04F79EFBC}") = "Library_Utility", "Library_Utility\Library_Utility.csproj", "{6ACFE9A8-AD30-445A-9161-814962798798}"
EndProject
Global
	GlobalSection(SolutionConfigurationPlatforms) = preSolution
		Debug|Any CPU = Debug|Any CPU
		Release|Any CPU = Release|Any CPU
	EndGlobalSection
	GlobalSection(ProjectConfigurationPlatforms) = postSolution
		{03AF1442-CA3A-4235-B075-B139B4A2843F}.Debug|Any CPU.ActiveCfg = Debug|Any CPU
		{03AF1442-CA3A-4235-B075-B139B4A2843F}.Debug|Any CPU.Build.0 = Debug|Any CPU
		{03AF1442-CA3A-4235-B075-B139B4A2843F}.Release|Any CPU.ActiveCfg = Release|Any CPU
		{03AF1442-CA3A-4235-B075-B139B4A2843F}.Release|Any CPU.Build.0 = Release|Any CPU
		{592579AA-5BB3-4992-8210-B3577692272B}.Debug|Any CPU.ActiveCfg = Debug|Any CPU
		{592579AA-5BB3-4992-8210-B3577692272B}.Debug|Any CPU.Build.0 = Debug|Any CPU
		{592579AA-5BB3-4992-8210-B3577692272B}.Release|Any CPU.ActiveCfg = Release|Any CPU
		{592579AA-5BB3-4992-8210-B3577692272B}.Release|Any CPU.Build.0 = Release|Any CPU
		{4744834B-E512-4005-9DC6-28660CF162FC}.Debug|Any CPU.ActiveCfg = Debug|Any CPU
		{4744834B-E512-4005-9DC6-28660CF162FC}.Debug|Any CPU.Build.0 = Debug|Any CPU
		{4744834B-E512-4005-9DC6-28660CF162FC}.Release|Any CPU.ActiveCfg = Release|Any CPU
		{4744834B-E512-4005-9DC6-28660CF162FC}.Release|Any CPU.Build.0 = Release|Any CPU
		{6ACFE9A8-AD30-445A-9161-814962798798}.Debug|Any CPU.ActiveCfg = Debug|Any CPU
		{6ACFE9A8-AD30-445A-9161-814962798798}.Debug|Any CPU.Build.0 = Debug|Any CPU
		{6ACFE9A8-AD30-445A-9161-814962798798}.Release|Any CPU.ActiveCfg = Release|Any CPU
		{6ACFE9A8-AD30-445A-9161-814962798798}.Release|Any CPU.Build.0 = Release|Any CPU
	EndGlobalSection
	GlobalSection(SolutionProperties) = preSolution
		HideSolutionNode = FALSE
	EndGlobalSection
	GlobalSection(ExtensibilityGlobals) = postSolution
		SolutionGuid = {FDEB99A1-8C3D-497D-B7CD-303B5E98D7EA}
	EndGlobalSection
EndGlobal
